
Microsoft Visual Studio Solution File, Format Version 12.00
# Visual Studio Version 16
VisualStudioVersion = 16.0.30114.105
MinimumVisualStudioVersion = 10.0.40219.1
Project("{9A19103F-16F7-4668-BE54-9A1E7A4F7556}") = "G3SDK", "source\G3SDK.csproj", "{5C404387-14D6-4727-BF8F-5257AB204303}"
EndProject
Project("{9A19103F-16F7-4668-BE54-9A1E7A4F7556}") = "G3SDK.tests", "tests\G3SDK.tests.csproj", "{1A1A6690-701F-418C-B9A4-AE9D9CBF5F35}"
EndProject
Project("{9A19103F-16F7-4668-BE54-9A1E7A4F7556}") = "G3DocumentExtractor", "examples\G3DocumentExtractor\G3DocumentExtractor.csproj", "{3C810E60-0550-4558-A7EC-968FB7961CC5}"
EndProject
Project("{2150E333-8FDC-42A3-9474-1A3956D46DE8}") = "Solution Items", "Solution Items", "{3220B0DB-E356-42BA-9024-54E73E0D037C}"
	ProjectSection(SolutionItems) = preProject
		.github\workflows\build.yml = .github\workflows\build.yml
		README.md = README.md
		Readme.txt = Readme.txt
		SDLA\Tobii Pro SDLA for Research Use.html = SDLA\Tobii Pro SDLA for Research Use.html
		SDLA\Tobii Pro SDLA for Research Use.md = SDLA\Tobii Pro SDLA for Research Use.md
		SDLA\Tobii Pro SDLA for Research Use.pdf = SDLA\Tobii Pro SDLA for Research Use.pdf
	EndProjectSection
EndProject
Project("{9A19103F-16F7-4668-BE54-9A1E7A4F7556}") = "G3LSLConnector", "examples\G3LSLConnector\G3LSLConnector.csproj", "{956CB83E-BE81-4CDA-AA6B-4A1A7915666E}"
EndProject
Project("{2150E333-8FDC-42A3-9474-1A3956D46DE8}") = "Examples", "Examples", "{975A475E-761E-4E4D-976F-7F22A2ED9FBA}"
EndProject
Project("{9A19103F-16F7-4668-BE54-9A1E7A4F7556}") = "G3Demo", "examples\G3Demo\G3Demo.csproj", "{1979B713-7EA4-4D88-97EE-EBAA3121010C}"
EndProject
Project("{9A19103F-16F7-4668-BE54-9A1E7A4F7556}") = "G3ToScreenMapper", "examples\G3ToScreenMapper\G3ToScreenMapper.csproj", "{C84B11C9-C2BE-441E-BB85-F1B775F30DE7}"
EndProject
Project("{9A19103F-16F7-4668-BE54-9A1E7A4F7556}") = "G3Simulator", "G3Simulator\G3Simulator.csproj", "{B79D2615-80D1-4E59-8E78-0229532743C7}"
EndProject
Global
	GlobalSection(SolutionConfigurationPlatforms) = preSolution
		Debug|Any CPU = Debug|Any CPU
		Release|Any CPU = Release|Any CPU
	EndGlobalSection
	GlobalSection(ProjectConfigurationPlatforms) = postSolution
		{5C404387-14D6-4727-BF8F-5257AB204303}.Debug|Any CPU.ActiveCfg = Debug|Any CPU
		{5C404387-14D6-4727-BF8F-5257AB204303}.Debug|Any CPU.Build.0 = Debug|Any CPU
		{5C404387-14D6-4727-BF8F-5257AB204303}.Release|Any CPU.ActiveCfg = Release|Any CPU
		{5C404387-14D6-4727-BF8F-5257AB204303}.Release|Any CPU.Build.0 = Release|Any CPU
		{1A1A6690-701F-418C-B9A4-AE9D9CBF5F35}.Debug|Any CPU.ActiveCfg = Debug|Any CPU
		{1A1A6690-701F-418C-B9A4-AE9D9CBF5F35}.Debug|Any CPU.Build.0 = Debug|Any CPU
		{1A1A6690-701F-418C-B9A4-AE9D9CBF5F35}.Release|Any CPU.ActiveCfg = Release|Any CPU
		{1A1A6690-701F-418C-B9A4-AE9D9CBF5F35}.Release|Any CPU.Build.0 = Release|Any CPU
		{3C810E60-0550-4558-A7EC-968FB7961CC5}.Debug|Any CPU.ActiveCfg = Debug|Any CPU
		{3C810E60-0550-4558-A7EC-968FB7961CC5}.Debug|Any CPU.Build.0 = Debug|Any CPU
		{3C810E60-0550-4558-A7EC-968FB7961CC5}.Release|Any CPU.ActiveCfg = Release|Any CPU
		{3C810E60-0550-4558-A7EC-968FB7961CC5}.Release|Any CPU.Build.0 = Release|Any CPU
		{956CB83E-BE81-4CDA-AA6B-4A1A7915666E}.Debug|Any CPU.ActiveCfg = Debug|Any CPU
		{956CB83E-BE81-4CDA-AA6B-4A1A7915666E}.Debug|Any CPU.Build.0 = Debug|Any CPU
		{956CB83E-BE81-4CDA-AA6B-4A1A7915666E}.Release|Any CPU.ActiveCfg = Release|Any CPU
		{956CB83E-BE81-4CDA-AA6B-4A1A7915666E}.Release|Any CPU.Build.0 = Release|Any CPU
		{1979B713-7EA4-4D88-97EE-EBAA3121010C}.Debug|Any CPU.ActiveCfg = Debug|Any CPU
		{1979B713-7EA4-4D88-97EE-EBAA3121010C}.Debug|Any CPU.Build.0 = Debug|Any CPU
		{1979B713-7EA4-4D88-97EE-EBAA3121010C}.Release|Any CPU.ActiveCfg = Release|Any CPU
		{1979B713-7EA4-4D88-97EE-EBAA3121010C}.Release|Any CPU.Build.0 = Release|Any CPU
		{C84B11C9-C2BE-441E-BB85-F1B775F30DE7}.Debug|Any CPU.ActiveCfg = Debug|Any CPU
		{C84B11C9-C2BE-441E-BB85-F1B775F30DE7}.Debug|Any CPU.Build.0 = Debug|Any CPU
		{C84B11C9-C2BE-441E-BB85-F1B775F30DE7}.Release|Any CPU.ActiveCfg = Release|Any CPU
		{C84B11C9-C2BE-441E-BB85-F1B775F30DE7}.Release|Any CPU.Build.0 = Release|Any CPU
		{B79D2615-80D1-4E59-8E78-0229532743C7}.Debug|Any CPU.ActiveCfg = Debug|Any CPU
		{B79D2615-80D1-4E59-8E78-0229532743C7}.Debug|Any CPU.Build.0 = Debug|Any CPU
		{B79D2615-80D1-4E59-8E78-0229532743C7}.Release|Any CPU.ActiveCfg = Release|Any CPU
		{B79D2615-80D1-4E59-8E78-0229532743C7}.Release|Any CPU.Build.0 = Release|Any CPU
	EndGlobalSection
	GlobalSection(SolutionProperties) = preSolution
		HideSolutionNode = FALSE
	EndGlobalSection
	GlobalSection(NestedProjects) = preSolution
		{3C810E60-0550-4558-A7EC-968FB7961CC5} = {975A475E-761E-4E4D-976F-7F22A2ED9FBA}
		{956CB83E-BE81-4CDA-AA6B-4A1A7915666E} = {975A475E-761E-4E4D-976F-7F22A2ED9FBA}
		{1979B713-7EA4-4D88-97EE-EBAA3121010C} = {975A475E-761E-4E4D-976F-7F22A2ED9FBA}
		{C84B11C9-C2BE-441E-BB85-F1B775F30DE7} = {975A475E-761E-4E4D-976F-7F22A2ED9FBA}
	EndGlobalSection
	GlobalSection(ExtensibilityGlobals) = postSolution
		SolutionGuid = {64BAAAF8-6F16-4E54-A62B-FFFFEC8AD36D}
	EndGlobalSection
EndGlobal
